// !$*UTF8*$!
{
	archiveVersion = 1;
	classes = {
	};
	objectVersion = 46;
	objects = {

/* Begin PBXBuildFile section */
		4ECFB5961C34C24500F857CD /* main.m in Sources */ = {isa = PBXBuildFile; fileRef = 4ECFB5951C34C24500F857CD /* main.m */; };
		4ECFB5991C34C24500F857CD /* AppDelegate.m in Sources */ = {isa = PBXBuildFile; fileRef = 4ECFB5981C34C24500F857CD /* AppDelegate.m */; };
		4ECFB59C1C34C24500F857CD /* ViewController.m in Sources */ = {isa = PBXBuildFile; fileRef = 4ECFB59B1C34C24500F857CD /* ViewController.m */; };
		4ECFB59F1C34C24500F857CD /* Main.storyboard in Resources */ = {isa = PBXBuildFile; fileRef = 4ECFB59D1C34C24500F857CD /* Main.storyboard */; };
		4ECFB5A11C34C24500F857CD /* Images.xcassets in Resources */ = {isa = PBXBuildFile; fileRef = 4ECFB5A01C34C24500F857CD /* Images.xcassets */; };
		4ECFB5A41C34C24500F857CD /* LaunchScreen.xib in Resources */ = {isa = PBXBuildFile; fileRef = 4ECFB5A21C34C24500F857CD /* LaunchScreen.xib */; };
		4ECFB5B01C34C24500F857CD /* MCHEN1559aTests.m in Sources */ = {isa = PBXBuildFile; fileRef = 4ECFB5AF1C34C24500F857CD /* MCHEN1559aTests.m */; };
		4ECFB5BB1C34C27500F857CD /* firstViewController.m in Sources */ = {isa = PBXBuildFile; fileRef = 4ECFB5BA1C34C27500F857CD /* firstViewController.m */; };
/* End PBXBuildFile section */

/* Begin PBXContainerItemProxy section */
		4ECFB5AA1C34C24500F857CD /* PBXContainerItemProxy */ = {
			isa = PBXContainerItemProxy;
			containerPortal = 4ECFB5881C34C24500F857CD /* Project object */;
			proxyType = 1;
			remoteGlobalIDString = 4ECFB58F1C34C24500F857CD;
			remoteInfo = MCHEN1559a;
		};
/* End PBXContainerItemProxy section */

/* Begin PBXFileReference section */
		4ECFB5901C34C24500F857CD /* MCHEN1559a.app */ = {isa = PBXFileReference; explicitFileType = wrapper.application; includeInIndex = 0; path = MCHEN1559a.app; sourceTree = BUILT_PRODUCTS_DIR; };
		4ECFB5941C34C24500F857CD /* Info.plist */ = {isa = PBXFileReference; lastKnownFileType = text.plist.xml; path = Info.plist; sourceTree = "<group>"; };
		4ECFB5951C34C24500F857CD /* main.m */ = {isa = PBXFileReference; lastKnownFileType = sourcecode.c.objc; path = main.m; sourceTree = "<group>"; };
		4ECFB5971C34C24500F857CD /* AppDelegate.h */ = {isa = PBXFileReference; lastKnownFileType = sourcecode.c.h; path = AppDelegate.h; sourceTree = "<group>"; };
		4ECFB5981C34C24500F857CD /* AppDelegate.m */ = {isa = PBXFileReference; lastKnownFileType = sourcecode.c.objc; path = AppDelegate.m; sourceTree = "<group>"; };
		4ECFB59A1C34C24500F857CD /* ViewController.h */ = {isa = PBXFileReference; lastKnownFileType = sourcecode.c.h; path = ViewController.h; sourceTree = "<group>"; };
		4ECFB59B1C34C24500F857CD /* ViewController.m */ = {isa = PBXFileReference; lastKnownFileType = sourcecode.c.objc; path = ViewController.m; sourceTree = "<group>"; };
		4ECFB59E1C34C24500F857CD /* Base */ = {isa = PBXFileReference; lastKnownFileType = file.storyboard; name = Base; path = Base.lproj/Main.storyboard; sourceTree = "<group>"; };
		4ECFB5A01C34C24500F857CD /* Images.xcassets */ = {isa = PBXFileReference; lastKnownFileType = folder.assetcatalog; path = Images.xcassets; sourceTree = "<group>"; };
		4ECFB5A31C34C24500F857CD /* Base */ = {isa = PBXFileReference; lastKnownFileType = file.xib; name = Base; path = Base.lproj/LaunchScreen.xib; sourceTree = "<group>"; };
		4ECFB5A91C34C24500F857CD /* MCHEN1559aTests.xctest */ = {isa = PBXFileReference; explicitFileType = wrapper.cfbundle; includeInIndex = 0; path = MCHEN1559aTests.xctest; sourceTree = BUILT_PRODUCTS_DIR; };
		4ECFB5AE1C34C24500F857CD /* Info.plist */ = {isa = PBXFileReference; lastKnownFileType = text.plist.xml; path = Info.plist; sourceTree = "<group>"; };
		4ECFB5AF1C34C24500F857CD /* MCHEN1559aTests.m */ = {isa = PBXFileReference; lastKnownFileType = sourcecode.c.objc; path = MCHEN1559aTests.m; sourceTree = "<group>"; };
		4ECFB5B91C34C27500F857CD /* firstViewController.h */ = {isa = PBXFileReference; fileEncoding = 4; lastKnownFileType = sourcecode.c.h; path = firstViewController.h; sourceTree = "<group>"; };
		4ECFB5BA1C34C27500F857CD /* firstViewController.m */ = {isa = PBXFileReference; fileEncoding = 4; lastKnownFileType = sourcecode.c.objc; path = firstViewController.m; sourceTree = "<group>"; };
/* End PBXFileReference section */

/* Begin PBXFrameworksBuildPhase section */
		4ECFB58D1C34C24500F857CD /* Frameworks */ = {
			isa = PBXFrameworksBuildPhase;
			buildActionMask = 2147483647;
			files = (
			);
			runOnlyForDeploymentPostprocessing = 0;
		};
		4ECFB5A61C34C24500F857CD /* Frameworks */ = {
			isa = PBXFrameworksBuildPhase;
			buildActionMask = 2147483647;
			files = (
			);
			runOnlyForDeploymentPostprocessing = 0;
		};
/* End PBXFrameworksBuildPhase section */

/* Begin PBXGroup section */
		4ECFB5871C34C24400F857CD = {
			isa = PBXGroup;
			children = (
				4ECFB5921C34C24500F857CD /* MCHEN1559a */,
				4ECFB5AC1C34C24500F857CD /* MCHEN1559aTests */,
				4ECFB5911C34C24500F857CD /* Products */,
			);
			sourceTree = "<group>";
		};
		4ECFB5911C34C24500F857CD /* Products */ = {
			isa = PBXGroup;
			children = (
				4ECFB5901C34C24500F857CD /* MCHEN1559a.app */,
				4ECFB5A91C34C24500F857CD /* MCHEN1559aTests.xctest */,
			);
			name = Products;
			sourceTree = "<group>";
		};
		4ECFB5921C34C24500F857CD /* MCHEN1559a */ = {
			isa = PBXGroup;
			children = (
				4ECFB5971C34C24500F857CD /* AppDelegate.h */,
				4ECFB5981C34C24500F857CD /* AppDelegate.m */,
				4ECFB59A1C34C24500F857CD /* ViewController.h */,
				4ECFB59B1C34C24500F857CD /* ViewController.m */,
				4ECFB59D1C34C24500F857CD /* Main.storyboard */,
				4ECFB5A01C34C24500F857CD /* Images.xcassets */,
				4ECFB5A21C34C24500F857CD /* LaunchScreen.xib */,
				4ECFB5931C34C24500F857CD /* Supporting Files */,
				4ECFB5B91C34C27500F857CD /* firstViewController.h */,
				4ECFB5BA1C34C27500F857CD /* firstViewController.m */,
			);
			path = MCHEN1559a;
			sourceTree = "<group>";
		};
		4ECFB5931C34C24500F857CD /* Supporting Files */ = {
			isa = PBXGroup;
			children = (
				4ECFB5941C34C24500F857CD /* Info.plist */,
				4ECFB5951C34C24500F857CD /* main.m */,
			);
			name = "Supporting Files";
			sourceTree = "<group>";
		};
		4ECFB5AC1C34C24500F857CD /* MCHEN1559aTests */ = {
			isa = PBXGroup;
			children = (
				4ECFB5AF1C34C24500F857CD /* MCHEN1559aTests.m */,
				4ECFB5AD1C34C24500F857CD /* Supporting Files */,
			);
			path = MCHEN1559aTests;
			sourceTree = "<group>";
		};
		4ECFB5AD1C34C24500F857CD /* Supporting Files */ = {
			isa = PBXGroup;
			children = (
				4ECFB5AE1C34C24500F857CD /* Info.plist */,
			);
			name = "Supporting Files";
			sourceTree = "<group>";
		};
/* End PBXGroup section */

/* Begin PBXNativeTarget section */
		4ECFB58F1C34C24500F857CD /* MCHEN1559a */ = {
			isa = PBXNativeTarget;
			buildConfigurationList = 4ECFB5B31C34C24500F857CD /* Build configuration list for PBXNativeTarget "MCHEN1559a" */;
			buildPhases = (
				4ECFB58C1C34C24500F857CD /* Sources */,
				4ECFB58D1C34C24500F857CD /* Frameworks */,
				4ECFB58E1C34C24500F857CD /* Resources */,
			);
			buildRules = (
			);
			dependencies = (
			);
			name = MCHEN1559a;
			productName = MCHEN1559a;
			productReference = 4ECFB5901C34C24500F857CD /* MCHEN1559a.app */;
			productType = "com.apple.product-type.application";
		};
		4ECFB5A81C34C24500F857CD /* MCHEN1559aTests */ = {
			isa = PBXNativeTarget;
			buildConfigurationList = 4ECFB5B61C34C24500F857CD /* Build configuration list for PBXNativeTarget "MCHEN1559aTests" */;
			buildPhases = (
				4ECFB5A51C34C24500F857CD /* Sources */,
				4ECFB5A61C34C24500F857CD /* Frameworks */,
				4ECFB5A71C34C24500F857CD /* Resources */,
			);
			buildRules = (
			);
			dependencies = (
				4ECFB5AB1C34C24500F857CD /* PBXTargetDependency */,
			);
			name = MCHEN1559aTests;
			productName = MCHEN1559aTests;
			productReference = 4ECFB5A91C34C24500F857CD /* MCHEN1559aTests.xctest */;
			productType = "com.apple.product-type.bundle.unit-test";
		};
/* End PBXNativeTarget section */

/* Begin PBXProject section */
		4ECFB5881C34C24500F857CD /* Project object */ = {
			isa = PBXProject;
			attributes = {
				LastUpgradeCheck = 0600;
				ORGANIZATIONNAME = MChen;
				TargetAttributes = {
					4ECFB58F1C34C24500F857CD = {
						CreatedOnToolsVersion = 6.0.1;
					};
					4ECFB5A81C34C24500F857CD = {
						CreatedOnToolsVersion = 6.0.1;
						TestTargetID = 4ECFB58F1C34C24500F857CD;
					};
				};
			};
			buildConfigurationList = 4ECFB58B1C34C24500F857CD /* Build configuration list for PBXProject "MCHEN1559a" */;
			compatibilityVersion = "Xcode 3.2";
			developmentRegion = English;
			hasScannedForEncodings = 0;
			knownRegions = (
				en,
				Base,
			);
			mainGroup = 4ECFB5871C34C24400F857CD;
			productRefGroup = 4ECFB5911C34C24500F857CD /* Products */;
			projectDirPath = "";
			projectRoot = "";
			targets = (
				4ECFB58F1C34C24500F857CD /* MCHEN1559a */,
				4ECFB5A81C34C24500F857CD /* MCHEN1559aTests */,
			);
		};
/* End PBXProject section */

/* Begin PBXResourcesBuildPhase section */
		4ECFB58E1C34C24500F857CD /* Resources */ = {
			isa = PBXResourcesBuildPhase;
			buildActionMask = 2147483647;
			files = (
				4ECFB59F1C34C24500F857CD /* Main.storyboard in Resources */,
				4ECFB5A41C34C24500F857CD /* LaunchScreen.xib in Resources */,
				4ECFB5A11C34C24500F857CD /* Images.xcassets in Resources */,
			);
			runOnlyForDeploymentPostprocessing = 0;
		};
		4ECFB5A71C34C24500F857CD /* Resources */ = {
			isa = PBXResourcesBuildPhase;
			buildActionMask = 2147483647;
			files = (
			);
			runOnlyForDeploymentPostprocessing = 0;
		};
/* End PBXResourcesBuildPhase section */

/* Begin PBXSourcesBuildPhase section */
		4ECFB58C1C34C24500F857CD /* Sources */ = {
			isa = PBXSourcesBuildPhase;
			buildActionMask = 2147483647;
			files = (
				4ECFB59C1C34C24500F857CD /* ViewController.m in Sources */,
				4ECFB5991C34C24500F857CD /* AppDelegate.m in Sources */,
				4ECFB5961C34C24500F857CD /* main.m in Sources */,
				4ECFB5BB1C34C27500F857CD /* firstViewController.m in Sources */,
			);
			runOnlyForDeploymentPostprocessing = 0;
		};
		4ECFB5A51C34C24500F857CD /* Sources */ = {
			isa = PBXSourcesBuildPhase;
			buildActionMask = 2147483647;
			files = (
				4ECFB5B01C34C24500F857CD /* MCHEN1559aTests.m in Sources */,
			);
			runOnlyForDeploymentPostprocessing = 0;
		};
/* End PBXSourcesBuildPhase section */

/* Begin PBXTargetDependency section */
		4ECFB5AB1C34C24500F857CD /* PBXTargetDependency */ = {
			isa = PBXTargetDependency;
			target = 4ECFB58F1C34C24500F857CD /* MCHEN1559a */;
			targetProxy = 4ECFB5AA1C34C24500F857CD /* PBXContainerItemProxy */;
		};
/* End PBXTargetDependency section */

/* Begin PBXVariantGroup section */
		4ECFB59D1C34C24500F857CD /* Main.storyboard */ = {
			isa = PBXVariantGroup;
			children = (
				4ECFB59E1C34C24500F857CD /* Base */,
			);
			name = Main.storyboard;
			sourceTree = "<group>";
		};
		4ECFB5A21C34C24500F857CD /* LaunchScreen.xib */ = {
			isa = PBXVariantGroup;
			children = (
				4ECFB5A31C34C24500F857CD /* Base */,
			);
			name = LaunchScreen.xib;
			sourceTree = "<group>";
		};
/* End PBXVariantGroup section */

/* Begin XCBuildConfiguration section */
		4ECFB5B11C34C24500F857CD /* Debug */ = {
			isa = XCBuildConfiguration;
			buildSettings = {
				ALWAYS_SEARCH_USER_PATHS = NO;
				CLANG_CXX_LANGUAGE_STANDARD = "gnu++0x";
				CLANG_CXX_LIBRARY = "libc++";
				CLANG_ENABLE_MODULES = YES;
				CLANG_ENABLE_OBJC_ARC = YES;
				CLANG_WARN_BOOL_CONVERSION = YES;
				CLANG_WARN_CONSTANT_CONVERSION = YES;
				CLANG_WARN_DIRECT_OBJC_ISA_USAGE = YES_ERROR;
				CLANG_WARN_EMPTY_BODY = YES;
				CLANG_WARN_ENUM_CONVERSION = YES;
				CLANG_WARN_INT_CONVERSION = YES;
				CLANG_WARN_OBJC_ROOT_CLASS = YES_ERROR;
				CLANG_WARN_UNREACHABLE_CODE = YES;
				CLANG_WARN__DUPLICATE_METHOD_MATCH = YES;
				"CODE_SIGN_IDENTITY[sdk=iphoneos*]" = "iPhone Developer";
				COPY_PHASE_STRIP = NO;
				ENABLE_STRICT_OBJC_MSGSEND = YES;
				GCC_C_LANGUAGE_STANDARD = gnu99;
				GCC_DYNAMIC_NO_PIC = NO;
				GCC_OPTIMIZATION_LEVEL = 0;
				GCC_PREPROCESSOR_DEFINITIONS = (
					"DEBUG=1",
					"$(inherited)",
				);
				GCC_SYMBOLS_PRIVATE_EXTERN = NO;
				GCC_WARN_64_TO_32_BIT_CONVERSION = YES;
				GCC_WARN_ABOUT_RETURN_TYPE = YES_ERROR;
				GCC_WARN_UNDECLARED_SELECTOR = YES;
				GCC_WARN_UNINITIALIZED_AUTOS = YES_AGGRESSIVE;
				GCC_WARN_UNUSED_FUNCTION = YES;
				GCC_WARN_UNUSED_VARIABLE = YES;
				IPHONEOS_DEPLOYMENT_TARGET = 8.0;
				MTL_ENABLE_DEBUG_INFO = YES;
				ONLY_ACTIVE_ARCH = YES;
				SDKROOT = iphoneos;
			};
			name = Debug;
		};
		4ECFB5B21C34C24500F857CD /* Release */ = {
			isa = XCBuildConfiguration;
			buildSettings = {
				ALWAYS_SEARCH_USER_PATHS = NO;
				CLANG_CXX_LANGUAGE_STANDARD = "gnu++0x";
				CLANG_CXX_LIBRARY = "libc++";
				CLANG_ENABLE_MODULES = YES;
				CLANG_ENABLE_OBJC_ARC = YES;
				CLANG_WARN_BOOL_CONVERSION = YES;
				CLANG_WARN_CONSTANT_CONVERSION = YES;
				CLANG_WARN_DIRECT_OBJC_ISA_USAGE = YES_ERROR;
				CLANG_WARN_EMPTY_BODY = YES;
				CLANG_WARN_ENUM_CONVERSION = YES;
				CLANG_WARN_INT_CONVERSION = YES;
				CLANG_WARN_OBJC_ROOT_CLASS = YES_ERROR;
				CLANG_WARN_UNREACHABLE_CODE = YES;
				CLANG_WARN__DUPLICATE_METHOD_MATCH = YES;
				"CODE_SIGN_IDENTITY[sdk=iphoneos*]" = "iPhone Developer";
				COPY_PHASE_STRIP = YES;
				ENABLE_NS_ASSERTIONS = NO;
				ENABLE_STRICT_OBJC_MSGSEND = YES;
				GCC_C_LANGUAGE_STANDARD = gnu99;
				GCC_WARN_64_TO_32_BIT_CONVERSION = YES;
				GCC_WARN_ABOUT_RETURN_TYPE = YES_ERROR;
				GCC_WARN_UNDECLARED_SELECTOR = YES;
				GCC_WARN_UNINITIALIZED_AUTOS = YES_AGGRESSIVE;
				GCC_WARN_UNUSED_FUNCTION = YES;
				GCC_WARN_UNUSED_VARIABLE = YES;
				IPHONEOS_DEPLOYMENT_TARGET = 8.0;
				MTL_ENABLE_DEBUG_INFO = NO;
				SDKROOT = iphoneos;
				VALIDATE_PRODUCT = YES;
			};
			name = Release;
		};
		4ECFB5B41C34C24500F857CD /* Debug */ = {
			isa = XCBuildConfiguration;
			buildSettings = {
				ASSETCATALOG_COMPILER_APPICON_NAME = AppIcon;
				INFOPLIST_FILE = MCHEN1559a/Info.plist;
				LD_RUNPATH_SEARCH_PATHS = "$(inherited) @executable_path/Frameworks";
				PRODUCT_NAME = "$(TARGET_NAME)";
			};
			name = Debug;
		};
		4ECFB5B51C34C24500F857CD /* Release */ = {
			isa = XCBuildConfiguration;
			buildSettings = {
				ASSETCATALOG_COMPILER_APPICON_NAME = AppIcon;
				INFOPLIST_FILE = MCHEN1559a/Info.plist;
				LD_RUNPATH_SEARCH_PATHS = "$(inherited) @executable_path/Frameworks";
				PRODUCT_NAME = "$(TARGET_NAME)";
			};
			name = Release;
		};
		4ECFB5B71C34C24500F857CD /* Debug */ = {
			isa = XCBuildConfiguration;
			buildSettings = {
				BUNDLE_LOADER = "$(TEST_HOST)";
				FRAMEWORK_SEARCH_PATHS = (
					"$(SDKROOT)/Developer/Library/Frameworks",
					"$(inherited)",
				);
				GCC_PREPROCESSOR_DEFINITIONS = (
					"DEBUG=1",
					"$(inherited)",
				);
				INFOPLIST_FILE = MCHEN1559aTests/Info.plist;
				LD_RUNPATH_SEARCH_PATHS = "$(inherited) @executable_path/Frameworks @loader_path/Frameworks";
				PRODUCT_NAME = "$(TARGET_NAME)";
				TEST_HOST = "$(BUILT_PRODUCTS_DIR)/MCHEN1559a.app/MCHEN1559a";
			};
			name = Debug;
		};
		4ECFB5B81C34C24500F857CD /* Release */ = {
			isa = XCBuildConfiguration;
			buildSettings = {
				BUNDLE_LOADER = "$(TEST_HOST)";
				FRAMEWORK_SEARCH_PATHS = (
					"$(SDKROOT)/Developer/Library/Frameworks",
					"$(inherited)",
				);
				INFOPLIST_FILE = MCHEN1559aTests/Info.plist;
				LD_RUNPATH_SEARCH_PATHS = "$(inherited) @executable_path/Frameworks @loader_path/Frameworks";
				PRODUCT_NAME = "$(TARGET_NAME)";
				TEST_HOST = "$(BUILT_PRODUCTS_DIR)/MCHEN1559a.app/MCHEN1559a";
			};
			name = Release;
		};
/* End XCBuildConfiguration section */

/* Begin XCConfigurationList section */
		4ECFB58B1C34C24500F857CD /* Build configuration list for PBXProject "MCHEN1559a" */ = {
			isa = XCConfigurationList;
			buildConfigurations = (
				4ECFB5B11C34C24500F857CD /* Debug */,
				4ECFB5B21C34C24500F857CD /* Release */,
			);
			defaultConfigurationIsVisible = 0;
			defaultConfigurationName = Release;
		};
		4ECFB5B31C34C24500F857CD /* Build configuration list for PBXNativeTarget "MCHEN1559a" */ = {
			isa = XCConfigurationList;
			buildConfigurations = (
				4ECFB5B41C34C24500F857CD /* Debug */,
				4ECFB5B51C34C24500F857CD /* Release */,
			);
			defaultConfigurationIsVisible = 0;
		};
		4ECFB5B61C34C24500F857CD /* Build configuration list for PBXNativeTarget "MCHEN1559aTests" */ = {
			isa = XCConfigurationList;
			buildConfigurations = (
				4ECFB5B71C34C24500F857CD /* Debug */,
				4ECFB5B81C34C24500F857CD /* Release */,
			);
			defaultConfigurationIsVisible = 0;
		};
/* End XCConfigurationList section */
	};
	rootObject = 4ECFB5881C34C24500F857CD /* Project object */;
}
